// !$*UTF8*$!
{
	archiveVersion = 1;
	classes = {
	};
	objectVersion = 46;
	objects = {

/* Begin PBXBuildFile section */
		43526A7FEBBBC2E4A0ACC07E /* Pods.framework in Frameworks */ = {isa = PBXBuildFile; fileRef = D63E82CD8A6FF2A16A0F005B /* Pods.framework */; settings = {ATTRIBUTES = (Weak, ); }; };
		4A13A62C1AB75A40001B30B1 /* HomeViewController.swift in Sources */ = {isa = PBXBuildFile; fileRef = 4A13A62B1AB75A40001B30B1 /* HomeViewController.swift */; };
		4A14BE9C1AB73DC400F4A659 /* AppDelegate.swift in Sources */ = {isa = PBXBuildFile; fileRef = 4A14BE9B1AB73DC400F4A659 /* AppDelegate.swift */; };
		4A14BE9F1AB73DC400F4A659 /* Ding.xcdatamodeld in Sources */ = {isa = PBXBuildFile; fileRef = 4A14BE9D1AB73DC400F4A659 /* Ding.xcdatamodeld */; };
		4A14BEA11AB73DC400F4A659 /* LoginViewController.swift in Sources */ = {isa = PBXBuildFile; fileRef = 4A14BEA01AB73DC400F4A659 /* LoginViewController.swift */; };
		4A14BEA41AB73DC400F4A659 /* Main.storyboard in Resources */ = {isa = PBXBuildFile; fileRef = 4A14BEA21AB73DC400F4A659 /* Main.storyboard */; };
		4A14BEA61AB73DC400F4A659 /* Images.xcassets in Resources */ = {isa = PBXBuildFile; fileRef = 4A14BEA51AB73DC400F4A659 /* Images.xcassets */; };
		4A14BEA91AB73DC400F4A659 /* LaunchScreen.xib in Resources */ = {isa = PBXBuildFile; fileRef = 4A14BEA71AB73DC400F4A659 /* LaunchScreen.xib */; };
		4A14BEB51AB73DC400F4A659 /* DingTests.swift in Sources */ = {isa = PBXBuildFile; fileRef = 4A14BEB41AB73DC400F4A659 /* DingTests.swift */; };
		4A2605D31ACC833400F5E309 /* options-gear.png in Resources */ = {isa = PBXBuildFile; fileRef = 4A2605D01ACC833400F5E309 /* options-gear.png */; };
		4A2605D41ACC833400F5E309 /* click-login.wav in Resources */ = {isa = PBXBuildFile; fileRef = 4A2605D21ACC833400F5E309 /* click-login.wav */; };
		4A3D9B5A1AB89F6000C9CF1D /* CreateAccountViewController.swift in Sources */ = {isa = PBXBuildFile; fileRef = 4A3D9B591AB89F6000C9CF1D /* CreateAccountViewController.swift */; };
		4A3F33311AB9E3920047D9F0 /* TaskCard.swift in Sources */ = {isa = PBXBuildFile; fileRef = 4A3F33301AB9E3920047D9F0 /* TaskCard.swift */; };
		4A41CFF01AC9B077008FB01F /* AniView.swift in Sources */ = {isa = PBXBuildFile; fileRef = 4A41CFEF1AC9B077008FB01F /* AniView.swift */; };
		4A41CFF21AC9C369008FB01F /* AniLabel.swift in Sources */ = {isa = PBXBuildFile; fileRef = 4A41CFF11AC9C369008FB01F /* AniLabel.swift */; };
		4A41CFF41AC9C5BB008FB01F /* AniButton.swift in Sources */ = {isa = PBXBuildFile; fileRef = 4A41CFF31AC9C5BB008FB01F /* AniButton.swift */; };
		4A599A2E1AB920FB00BA8951 /* SkillCard.swift in Sources */ = {isa = PBXBuildFile; fileRef = 4A599A2D1AB920FB00BA8951 /* SkillCard.swift */; };
		4A599A341AB9293100BA8951 /* TaskGoal.swift in Sources */ = {isa = PBXBuildFile; fileRef = 4A599A331AB9293100BA8951 /* TaskGoal.swift */; };
		4A599A381AB9297D00BA8951 /* SkillGoal.swift in Sources */ = {isa = PBXBuildFile; fileRef = 4A599A371AB9297D00BA8951 /* SkillGoal.swift */; };
		4A599A3F1AB92A2B00BA8951 /* LevelUpDate.swift in Sources */ = {isa = PBXBuildFile; fileRef = 4A599A3E1AB92A2B00BA8951 /* LevelUpDate.swift */; };
		4A599A431AB92A5D00BA8951 /* Achievement.swift in Sources */ = {isa = PBXBuildFile; fileRef = 4A599A421AB92A5D00BA8951 /* Achievement.swift */; };
		4A5EB7421AC073C900FD0709 /* Skill.swift in Sources */ = {isa = PBXBuildFile; fileRef = 4A5EB7411AC073C900FD0709 /* Skill.swift */; };
		4A5EB7441AC0A35300FD0709 /* CreateTaskViewController.swift in Sources */ = {isa = PBXBuildFile; fileRef = 4A5EB7431AC0A35300FD0709 /* CreateTaskViewController.swift */; };
		4A5EB7461AC0AC3900FD0709 /* TaskPresentationAnimationController.swift in Sources */ = {isa = PBXBuildFile; fileRef = 4A5EB7451AC0AC3900FD0709 /* TaskPresentationAnimationController.swift */; };
		4A5EB7481AC0AC5300FD0709 /* TaskPresentationController.swift in Sources */ = {isa = PBXBuildFile; fileRef = 4A5EB7471AC0AC5300FD0709 /* TaskPresentationController.swift */; };
		4A66C0A01ACDAB0E0076592D /* GoalCard.swift in Sources */ = {isa = PBXBuildFile; fileRef = 4A66C09F1ACDAB0E0076592D /* GoalCard.swift */; };
		4A66C0A21ACDAB730076592D /* AchievementCard.swift in Sources */ = {isa = PBXBuildFile; fileRef = 4A66C0A11ACDAB730076592D /* AchievementCard.swift */; };
		4A66C0A41ACDBB4E0076592D /* Goal.swift in Sources */ = {isa = PBXBuildFile; fileRef = 4A66C0A31ACDBB4D0076592D /* Goal.swift */; };
		4A711F951AC1E759003196F3 /* Task.swift in Sources */ = {isa = PBXBuildFile; fileRef = 4A711F941AC1E758003196F3 /* Task.swift */; };
		4A7B412F1AD474B90032095C /* ColorSchemeView.swift in Sources */ = {isa = PBXBuildFile; fileRef = 4A7B412E1AD474B90032095C /* ColorSchemeView.swift */; };
		4A8959DD1ABA2A6000AB1812 /* SplashViewController.swift in Sources */ = {isa = PBXBuildFile; fileRef = 4A8959DC1ABA2A6000AB1812 /* SplashViewController.swift */; };
		4ABE98AD1ACC9570007ADE7F /* LevelUpDemo2.mp3 in Resources */ = {isa = PBXBuildFile; fileRef = 4ABE98AC1ACC9570007ADE7F /* LevelUpDemo2.mp3 */; };
		4AC6A27A1AD454B1000DF2C6 /* User.swift in Sources */ = {isa = PBXBuildFile; fileRef = 4AC6A2791AD454B0000DF2C6 /* User.swift */; };
		4AC6A27C1AD45519000DF2C6 /* ColorScheme.swift in Sources */ = {isa = PBXBuildFile; fileRef = 4AC6A27B1AD45519000DF2C6 /* ColorScheme.swift */; };
		4AC6A27E1AD45791000DF2C6 /* ColorSchemes.json in Resources */ = {isa = PBXBuildFile; fileRef = 4AC6A27D1AD45791000DF2C6 /* ColorSchemes.json */; };
		4AE49E1D1B12541E00A1DBBE /* ExpBarView.swift in Sources */ = {isa = PBXBuildFile; fileRef = 4AE49E1C1B12541E00A1DBBE /* ExpBarView.swift */; };
		4AE49E1F1B1268E900A1DBBE /* CreateGoalViewController.swift in Sources */ = {isa = PBXBuildFile; fileRef = 4AE49E1E1B1268E900A1DBBE /* CreateGoalViewController.swift */; };
		4AE49E211B12BA1A00A1DBBE /* GoalView.swift in Sources */ = {isa = PBXBuildFile; fileRef = 4AE49E201B12BA1900A1DBBE /* GoalView.swift */; };
		4AE7F9111AC5C7E300CDC470 /* ProfileViewController.swift in Sources */ = {isa = PBXBuildFile; fileRef = 4AE7F9101AC5C7E300CDC470 /* ProfileViewController.swift */; };
		4AF658B21AB93583004D94D2 /* SkillsViewController.swift in Sources */ = {isa = PBXBuildFile; fileRef = 4AF658B11AB93583004D94D2 /* SkillsViewController.swift */; };
		4AF658B41AB936B8004D94D2 /* CreateSkillViewController.swift in Sources */ = {isa = PBXBuildFile; fileRef = 4AF658B31AB936B8004D94D2 /* CreateSkillViewController.swift */; };
/* End PBXBuildFile section */

/* Begin PBXContainerItemProxy section */
		4A14BEAF1AB73DC400F4A659 /* PBXContainerItemProxy */ = {
			isa = PBXContainerItemProxy;
			containerPortal = 4A14BE8E1AB73DC400F4A659 /* Project object */;
			proxyType = 1;
			remoteGlobalIDString = 4A14BE951AB73DC400F4A659;
			remoteInfo = Ding;
		};
/* End PBXContainerItemProxy section */

/* Begin PBXFileReference section */
		012ED830E42F310AB221937F /* Pods-Ding.debug.xcconfig */ = {isa = PBXFileReference; includeInIndex = 1; lastKnownFileType = text.xcconfig; name = "Pods-Ding.debug.xcconfig"; path = "Pods/Target Support Files/Pods-Ding/Pods-Ding.debug.xcconfig"; sourceTree = "<group>"; };
		36C5741D799FE8413E8CB6B4 /* Pods.release.xcconfig */ = {isa = PBXFileReference; includeInIndex = 1; lastKnownFileType = text.xcconfig; name = Pods.release.xcconfig; path = "Pods/Target Support Files/Pods/Pods.release.xcconfig"; sourceTree = "<group>"; };
		4A13A62B1AB75A40001B30B1 /* HomeViewController.swift */ = {isa = PBXFileReference; fileEncoding = 4; lastKnownFileType = sourcecode.swift; path = HomeViewController.swift; sourceTree = "<group>"; };
		4A14BE961AB73DC400F4A659 /* Ding.app */ = {isa = PBXFileReference; explicitFileType = wrapper.application; includeInIndex = 0; path = Ding.app; sourceTree = BUILT_PRODUCTS_DIR; };
		4A14BE9A1AB73DC400F4A659 /* Info.plist */ = {isa = PBXFileReference; lastKnownFileType = text.plist.xml; path = Info.plist; sourceTree = "<group>"; };
		4A14BE9B1AB73DC400F4A659 /* AppDelegate.swift */ = {isa = PBXFileReference; lastKnownFileType = sourcecode.swift; path = AppDelegate.swift; sourceTree = "<group>"; };
		4A14BE9E1AB73DC400F4A659 /* Ding.xcdatamodel */ = {isa = PBXFileReference; lastKnownFileType = wrapper.xcdatamodel; path = Ding.xcdatamodel; sourceTree = "<group>"; };
		4A14BEA01AB73DC400F4A659 /* LoginViewController.swift */ = {isa = PBXFileReference; lastKnownFileType = sourcecode.swift; path = LoginViewController.swift; sourceTree = "<group>"; };
		4A14BEA31AB73DC400F4A659 /* Base */ = {isa = PBXFileReference; lastKnownFileType = file.storyboard; name = Base; path = Base.lproj/Main.storyboard; sourceTree = "<group>"; };
		4A14BEA51AB73DC400F4A659 /* Images.xcassets */ = {isa = PBXFileReference; lastKnownFileType = folder.assetcatalog; path = Images.xcassets; sourceTree = "<group>"; };
		4A14BEA81AB73DC400F4A659 /* Base */ = {isa = PBXFileReference; lastKnownFileType = file.xib; name = Base; path = Base.lproj/LaunchScreen.xib; sourceTree = "<group>"; };
		4A14BEAE1AB73DC400F4A659 /* DingTests.xctest */ = {isa = PBXFileReference; explicitFileType = wrapper.cfbundle; includeInIndex = 0; path = DingTests.xctest; sourceTree = BUILT_PRODUCTS_DIR; };
		4A14BEB31AB73DC400F4A659 /* Info.plist */ = {isa = PBXFileReference; lastKnownFileType = text.plist.xml; path = Info.plist; sourceTree = "<group>"; };
		4A14BEB41AB73DC400F4A659 /* DingTests.swift */ = {isa = PBXFileReference; lastKnownFileType = sourcecode.swift; path = DingTests.swift; sourceTree = "<group>"; };
		4A2605D01ACC833400F5E309 /* options-gear.png */ = {isa = PBXFileReference; lastKnownFileType = image.png; path = "options-gear.png"; sourceTree = "<group>"; };
		4A2605D21ACC833400F5E309 /* click-login.wav */ = {isa = PBXFileReference; lastKnownFileType = audio.wav; path = "click-login.wav"; sourceTree = "<group>"; };
		4A3D9B591AB89F6000C9CF1D /* CreateAccountViewController.swift */ = {isa = PBXFileReference; fileEncoding = 4; lastKnownFileType = sourcecode.swift; path = CreateAccountViewController.swift; sourceTree = "<group>"; };
		4A3F33301AB9E3920047D9F0 /* TaskCard.swift */ = {isa = PBXFileReference; fileEncoding = 4; lastKnownFileType = sourcecode.swift; path = TaskCard.swift; sourceTree = "<group>"; };
		4A41CFEF1AC9B077008FB01F /* AniView.swift */ = {isa = PBXFileReference; fileEncoding = 4; lastKnownFileType = sourcecode.swift; path = AniView.swift; sourceTree = "<group>"; };
		4A41CFF11AC9C369008FB01F /* AniLabel.swift */ = {isa = PBXFileReference; fileEncoding = 4; lastKnownFileType = sourcecode.swift; path = AniLabel.swift; sourceTree = "<group>"; };
		4A41CFF31AC9C5BB008FB01F /* AniButton.swift */ = {isa = PBXFileReference; fileEncoding = 4; lastKnownFileType = sourcecode.swift; path = AniButton.swift; sourceTree = "<group>"; };
		4A599A2D1AB920FB00BA8951 /* SkillCard.swift */ = {isa = PBXFileReference; fileEncoding = 4; lastKnownFileType = sourcecode.swift; path = SkillCard.swift; sourceTree = "<group>"; };
		4A599A331AB9293100BA8951 /* TaskGoal.swift */ = {isa = PBXFileReference; fileEncoding = 4; lastKnownFileType = sourcecode.swift; path = TaskGoal.swift; sourceTree = "<group>"; };
		4A599A371AB9297D00BA8951 /* SkillGoal.swift */ = {isa = PBXFileReference; fileEncoding = 4; lastKnownFileType = sourcecode.swift; path = SkillGoal.swift; sourceTree = "<group>"; };
		4A599A3E1AB92A2B00BA8951 /* LevelUpDate.swift */ = {isa = PBXFileReference; fileEncoding = 4; lastKnownFileType = sourcecode.swift; name = LevelUpDate.swift; path = ../LevelUpDate.swift; sourceTree = "<group>"; };
		4A599A421AB92A5D00BA8951 /* Achievement.swift */ = {isa = PBXFileReference; fileEncoding = 4; lastKnownFileType = sourcecode.swift; path = Achievement.swift; sourceTree = "<group>"; };
		4A5EB7411AC073C900FD0709 /* Skill.swift */ = {isa = PBXFileReference; fileEncoding = 4; lastKnownFileType = sourcecode.swift; path = Skill.swift; sourceTree = "<group>"; };
		4A5EB7431AC0A35300FD0709 /* CreateTaskViewController.swift */ = {isa = PBXFileReference; fileEncoding = 4; lastKnownFileType = sourcecode.swift; path = CreateTaskViewController.swift; sourceTree = "<group>"; };
		4A5EB7451AC0AC3900FD0709 /* TaskPresentationAnimationController.swift */ = {isa = PBXFileReference; fileEncoding = 4; lastKnownFileType = sourcecode.swift; path = TaskPresentationAnimationController.swift; sourceTree = "<group>"; };
		4A5EB7471AC0AC5300FD0709 /* TaskPresentationController.swift */ = {isa = PBXFileReference; fileEncoding = 4; lastKnownFileType = sourcecode.swift; path = TaskPresentationController.swift; sourceTree = "<group>"; };
		4A66C09F1ACDAB0E0076592D /* GoalCard.swift */ = {isa = PBXFileReference; fileEncoding = 4; lastKnownFileType = sourcecode.swift; path = GoalCard.swift; sourceTree = "<group>"; };
		4A66C0A11ACDAB730076592D /* AchievementCard.swift */ = {isa = PBXFileReference; fileEncoding = 4; lastKnownFileType = sourcecode.swift; path = AchievementCard.swift; sourceTree = "<group>"; };
		4A66C0A31ACDBB4D0076592D /* Goal.swift */ = {isa = PBXFileReference; fileEncoding = 4; lastKnownFileType = sourcecode.swift; path = Goal.swift; sourceTree = "<group>"; };
		4A711F941AC1E758003196F3 /* Task.swift */ = {isa = PBXFileReference; fileEncoding = 4; lastKnownFileType = sourcecode.swift; path = Task.swift; sourceTree = "<group>"; };
		4A7B412E1AD474B90032095C /* ColorSchemeView.swift */ = {isa = PBXFileReference; fileEncoding = 4; lastKnownFileType = sourcecode.swift; path = ColorSchemeView.swift; sourceTree = "<group>"; };
		4A8959DC1ABA2A6000AB1812 /* SplashViewController.swift */ = {isa = PBXFileReference; fileEncoding = 4; lastKnownFileType = sourcecode.swift; path = SplashViewController.swift; sourceTree = "<group>"; };
		4ABE98AC1ACC9570007ADE7F /* LevelUpDemo2.mp3 */ = {isa = PBXFileReference; lastKnownFileType = audio.mp3; path = LevelUpDemo2.mp3; sourceTree = "<group>"; };
		4AC6A2791AD454B0000DF2C6 /* User.swift */ = {isa = PBXFileReference; fileEncoding = 4; lastKnownFileType = sourcecode.swift; path = User.swift; sourceTree = "<group>"; };
		4AC6A27B1AD45519000DF2C6 /* ColorScheme.swift */ = {isa = PBXFileReference; fileEncoding = 4; lastKnownFileType = sourcecode.swift; path = ColorScheme.swift; sourceTree = "<group>"; };
		4AC6A27D1AD45791000DF2C6 /* ColorSchemes.json */ = {isa = PBXFileReference; fileEncoding = 4; lastKnownFileType = text.json; path = ColorSchemes.json; sourceTree = "<group>"; };
		4AE49E1C1B12541E00A1DBBE /* ExpBarView.swift */ = {isa = PBXFileReference; fileEncoding = 4; lastKnownFileType = sourcecode.swift; path = ExpBarView.swift; sourceTree = "<group>"; };
		4AE49E1E1B1268E900A1DBBE /* CreateGoalViewController.swift */ = {isa = PBXFileReference; fileEncoding = 4; lastKnownFileType = sourcecode.swift; path = CreateGoalViewController.swift; sourceTree = "<group>"; };
		4AE49E201B12BA1900A1DBBE /* GoalView.swift */ = {isa = PBXFileReference; fileEncoding = 4; lastKnownFileType = sourcecode.swift; path = GoalView.swift; sourceTree = "<group>"; };
		4AE7F9101AC5C7E300CDC470 /* ProfileViewController.swift */ = {isa = PBXFileReference; fileEncoding = 4; lastKnownFileType = sourcecode.swift; path = ProfileViewController.swift; sourceTree = "<group>"; };
		4AF658B11AB93583004D94D2 /* SkillsViewController.swift */ = {isa = PBXFileReference; fileEncoding = 4; lastKnownFileType = sourcecode.swift; path = SkillsViewController.swift; sourceTree = "<group>"; };
		4AF658B31AB936B8004D94D2 /* CreateSkillViewController.swift */ = {isa = PBXFileReference; fileEncoding = 4; lastKnownFileType = sourcecode.swift; path = CreateSkillViewController.swift; sourceTree = "<group>"; };
		8363B7ABE4025B55C80C61A3 /* Pods-Ding.release.xcconfig */ = {isa = PBXFileReference; includeInIndex = 1; lastKnownFileType = text.xcconfig; name = "Pods-Ding.release.xcconfig"; path = "Pods/Target Support Files/Pods-Ding/Pods-Ding.release.xcconfig"; sourceTree = "<group>"; };
		D63E82CD8A6FF2A16A0F005B /* Pods.framework */ = {isa = PBXFileReference; explicitFileType = wrapper.framework; includeInIndex = 0; path = Pods.framework; sourceTree = BUILT_PRODUCTS_DIR; };
		FB7EE872D86DAD40122E8842 /* Pods_Ding.framework */ = {isa = PBXFileReference; explicitFileType = wrapper.framework; includeInIndex = 0; path = Pods_Ding.framework; sourceTree = BUILT_PRODUCTS_DIR; };
		FFBF344DE6287AA3719FF8BC /* Pods.debug.xcconfig */ = {isa = PBXFileReference; includeInIndex = 1; lastKnownFileType = text.xcconfig; name = Pods.debug.xcconfig; path = "Pods/Target Support Files/Pods/Pods.debug.xcconfig"; sourceTree = "<group>"; };
/* End PBXFileReference section */

/* Begin PBXFrameworksBuildPhase section */
		4A14BE931AB73DC400F4A659 /* Frameworks */ = {
			isa = PBXFrameworksBuildPhase;
			buildActionMask = 2147483647;
			files = (
				43526A7FEBBBC2E4A0ACC07E /* Pods.framework in Frameworks */,
			);
			runOnlyForDeploymentPostprocessing = 0;
		};
		4A14BEAB1AB73DC400F4A659 /* Frameworks */ = {
			isa = PBXFrameworksBuildPhase;
			buildActionMask = 2147483647;
			files = (
			);
			runOnlyForDeploymentPostprocessing = 0;
		};
/* End PBXFrameworksBuildPhase section */

/* Begin PBXGroup section */
		440FD8DDEFBD99121E2CC49C /* Frameworks */ = {
			isa = PBXGroup;
			children = (
				FB7EE872D86DAD40122E8842 /* Pods_Ding.framework */,
				D63E82CD8A6FF2A16A0F005B /* Pods.framework */,
			);
			name = Frameworks;
			sourceTree = "<group>";
		};
		4A14BE8D1AB73DC400F4A659 = {
			isa = PBXGroup;
			children = (
				4A2605CF1ACC833400F5E309 /* Images */,
				4A2605D11ACC833400F5E309 /* Sounds */,
				4A14BE981AB73DC400F4A659 /* Ding */,
				4A14BEB11AB73DC400F4A659 /* DingTests */,
				4A14BE971AB73DC400F4A659 /* Products */,
				77C93F882E535C96EB153C5C /* Pods */,
				440FD8DDEFBD99121E2CC49C /* Frameworks */,
			);
			sourceTree = "<group>";
		};
		4A14BE971AB73DC400F4A659 /* Products */ = {
			isa = PBXGroup;
			children = (
				4A14BE961AB73DC400F4A659 /* Ding.app */,
				4A14BEAE1AB73DC400F4A659 /* DingTests.xctest */,
			);
			name = Products;
			sourceTree = "<group>";
		};
		4A14BE981AB73DC400F4A659 /* Ding */ = {
			isa = PBXGroup;
			children = (
				4A14BE9B1AB73DC400F4A659 /* AppDelegate.swift */,
				4A3D9B551AB88A8200C9CF1D /* Classes */,
				4A14BE9D1AB73DC400F4A659 /* Ding.xcdatamodeld */,
				4A14BEA51AB73DC400F4A659 /* Images.xcassets */,
				4A14BEA71AB73DC400F4A659 /* LaunchScreen.xib */,
				4A14BEA21AB73DC400F4A659 /* Main.storyboard */,
				4A599A391AB9299E00BA8951 /* ManagedObjects */,
				4A14BE991AB73DC400F4A659 /* Supporting Files */,
				4A3D9B561AB88A8A00C9CF1D /* ViewControllers */,
			);
			path = Ding;
			sourceTree = "<group>";
		};
		4A14BE991AB73DC400F4A659 /* Supporting Files */ = {
			isa = PBXGroup;
			children = (
				4A14BE9A1AB73DC400F4A659 /* Info.plist */,
				4AC6A27D1AD45791000DF2C6 /* ColorSchemes.json */,
			);
			name = "Supporting Files";
			sourceTree = "<group>";
		};
		4A14BEB11AB73DC400F4A659 /* DingTests */ = {
			isa = PBXGroup;
			children = (
				4A14BEB41AB73DC400F4A659 /* DingTests.swift */,
				4A14BEB21AB73DC400F4A659 /* Supporting Files */,
			);
			path = DingTests;
			sourceTree = "<group>";
		};
		4A14BEB21AB73DC400F4A659 /* Supporting Files */ = {
			isa = PBXGroup;
			children = (
				4A14BEB31AB73DC400F4A659 /* Info.plist */,
			);
			name = "Supporting Files";
			sourceTree = "<group>";
		};
		4A2605CF1ACC833400F5E309 /* Images */ = {
			isa = PBXGroup;
			children = (
				4A2605D01ACC833400F5E309 /* options-gear.png */,
			);
			path = Images;
			sourceTree = "<group>";
		};
		4A2605D11ACC833400F5E309 /* Sounds */ = {
			isa = PBXGroup;
			children = (
				4ABE98AC1ACC9570007ADE7F /* LevelUpDemo2.mp3 */,
				4A2605D21ACC833400F5E309 /* click-login.wav */,
			);
			path = Sounds;
			sourceTree = "<group>";
		};
		4A3D9B551AB88A8200C9CF1D /* Classes */ = {
			isa = PBXGroup;
			children = (
				4A66C0A11ACDAB730076592D /* AchievementCard.swift */,
				4A41CFF31AC9C5BB008FB01F /* AniButton.swift */,
				4A41CFF11AC9C369008FB01F /* AniLabel.swift */,
				4A41CFEF1AC9B077008FB01F /* AniView.swift */,
				4A66C09F1ACDAB0E0076592D /* GoalCard.swift */,
				4A599A2D1AB920FB00BA8951 /* SkillCard.swift */,
				4A3F33301AB9E3920047D9F0 /* TaskCard.swift */,
				4AC6A27B1AD45519000DF2C6 /* ColorScheme.swift */,
				4A7B412E1AD474B90032095C /* ColorSchemeView.swift */,
				4AE49E1C1B12541E00A1DBBE /* ExpBarView.swift */,
				4AE49E201B12BA1900A1DBBE /* GoalView.swift */,
			);
			name = Classes;
			sourceTree = "<group>";
		};
		4A3D9B561AB88A8A00C9CF1D /* ViewControllers */ = {
			isa = PBXGroup;
			children = (
				4A3D9B591AB89F6000C9CF1D /* CreateAccountViewController.swift */,
				4AE49E1E1B1268E900A1DBBE /* CreateGoalViewController.swift */,
				4AF658B31AB936B8004D94D2 /* CreateSkillViewController.swift */,
				4A5EB7431AC0A35300FD0709 /* CreateTaskViewController.swift */,
				4A13A62B1AB75A40001B30B1 /* HomeViewController.swift */,
				4A14BEA01AB73DC400F4A659 /* LoginViewController.swift */,
				4AE7F9101AC5C7E300CDC470 /* ProfileViewController.swift */,
				4AF658B11AB93583004D94D2 /* SkillsViewController.swift */,
				4A8959DC1ABA2A6000AB1812 /* SplashViewController.swift */,
				4A5EB7451AC0AC3900FD0709 /* TaskPresentationAnimationController.swift */,
				4A5EB7471AC0AC5300FD0709 /* TaskPresentationController.swift */,
			);
			name = ViewControllers;
			sourceTree = "<group>";
		};
		4A599A391AB9299E00BA8951 /* ManagedObjects */ = {
			isa = PBXGroup;
			children = (
				4A599A421AB92A5D00BA8951 /* Achievement.swift */,
				4A66C0A31ACDBB4D0076592D /* Goal.swift */,
				4A599A3E1AB92A2B00BA8951 /* LevelUpDate.swift */,
				4A5EB7411AC073C900FD0709 /* Skill.swift */,
				4A599A371AB9297D00BA8951 /* SkillGoal.swift */,
				4A711F941AC1E758003196F3 /* Task.swift */,
				4A599A331AB9293100BA8951 /* TaskGoal.swift */,
				4AC6A2791AD454B0000DF2C6 /* User.swift */,
			);
			name = ManagedObjects;
			sourceTree = "<group>";
		};
		77C93F882E535C96EB153C5C /* Pods */ = {
			isa = PBXGroup;
			children = (
				012ED830E42F310AB221937F /* Pods-Ding.debug.xcconfig */,
				8363B7ABE4025B55C80C61A3 /* Pods-Ding.release.xcconfig */,
				FFBF344DE6287AA3719FF8BC /* Pods.debug.xcconfig */,
				36C5741D799FE8413E8CB6B4 /* Pods.release.xcconfig */,
			);
			name = Pods;
			sourceTree = "<group>";
		};
/* End PBXGroup section */

/* Begin PBXNativeTarget section */
		4A14BE951AB73DC400F4A659 /* Ding */ = {
			isa = PBXNativeTarget;
			buildConfigurationList = 4A14BEB81AB73DC400F4A659 /* Build configuration list for PBXNativeTarget "Ding" */;
			buildPhases = (
				AF071A7850D2B451028853DD /* Check Pods Manifest.lock */,
				4A14BE921AB73DC400F4A659 /* Sources */,
				4A14BE931AB73DC400F4A659 /* Frameworks */,
				4A14BE941AB73DC400F4A659 /* Resources */,
				1C88A03955861F73D58EF24F /* Embed Pods Frameworks */,
				3FD1AF08E5647D6BBB5F2B86 /* Copy Pods Resources */,
			);
			buildRules = (
			);
			dependencies = (
			);
			name = Ding;
			productName = Ding;
			productReference = 4A14BE961AB73DC400F4A659 /* Ding.app */;
			productType = "com.apple.product-type.application";
		};
		4A14BEAD1AB73DC400F4A659 /* DingTests */ = {
			isa = PBXNativeTarget;
			buildConfigurationList = 4A14BEBB1AB73DC400F4A659 /* Build configuration list for PBXNativeTarget "DingTests" */;
			buildPhases = (
				4A14BEAA1AB73DC400F4A659 /* Sources */,
				4A14BEAB1AB73DC400F4A659 /* Frameworks */,
				4A14BEAC1AB73DC400F4A659 /* Resources */,
			);
			buildRules = (
			);
			dependencies = (
				4A14BEB01AB73DC400F4A659 /* PBXTargetDependency */,
			);
			name = DingTests;
			productName = DingTests;
			productReference = 4A14BEAE1AB73DC400F4A659 /* DingTests.xctest */;
			productType = "com.apple.product-type.bundle.unit-test";
		};
/* End PBXNativeTarget section */

/* Begin PBXProject section */
		4A14BE8E1AB73DC400F4A659 /* Project object */ = {
			isa = PBXProject;
			attributes = {
				LastUpgradeCheck = 0620;
				ORGANIZATIONNAME = PDice;
				TargetAttributes = {
					4A14BE951AB73DC400F4A659 = {
						CreatedOnToolsVersion = 6.2;
					};
					4A14BEAD1AB73DC400F4A659 = {
						CreatedOnToolsVersion = 6.2;
					};
				};
			};
			buildConfigurationList = 4A14BE911AB73DC400F4A659 /* Build configuration list for PBXProject "Ding" */;
			compatibilityVersion = "Xcode 3.2";
			developmentRegion = English;
			hasScannedForEncodings = 0;
			knownRegions = (
				en,
				Base,
			);
			mainGroup = 4A14BE8D1AB73DC400F4A659;
			productRefGroup = 4A14BE971AB73DC400F4A659 /* Products */;
			projectDirPath = "";
			projectRoot = "";
			targets = (
				4A14BE951AB73DC400F4A659 /* Ding */,
				4A14BEAD1AB73DC400F4A659 /* DingTests */,
			);
		};
/* End PBXProject section */

/* Begin PBXResourcesBuildPhase section */
		4A14BE941AB73DC400F4A659 /* Resources */ = {
			isa = PBXResourcesBuildPhase;
			buildActionMask = 2147483647;
			files = (
				4ABE98AD1ACC9570007ADE7F /* LevelUpDemo2.mp3 in Resources */,
				4A2605D41ACC833400F5E309 /* click-login.wav in Resources */,
				4A14BEA41AB73DC400F4A659 /* Main.storyboard in Resources */,
				4A14BEA91AB73DC400F4A659 /* LaunchScreen.xib in Resources */,
				4A14BEA61AB73DC400F4A659 /* Images.xcassets in Resources */,
				4AC6A27E1AD45791000DF2C6 /* ColorSchemes.json in Resources */,
				4A2605D31ACC833400F5E309 /* options-gear.png in Resources */,
			);
			runOnlyForDeploymentPostprocessing = 0;
		};
		4A14BEAC1AB73DC400F4A659 /* Resources */ = {
			isa = PBXResourcesBuildPhase;
			buildActionMask = 2147483647;
			files = (
			);
			runOnlyForDeploymentPostprocessing = 0;
		};
/* End PBXResourcesBuildPhase section */

/* Begin PBXShellScriptBuildPhase section */
		1C88A03955861F73D58EF24F /* Embed Pods Frameworks */ = {
			isa = PBXShellScriptBuildPhase;
			buildActionMask = 2147483647;
			files = (
			);
			inputPaths = (
			);
			name = "Embed Pods Frameworks";
			outputPaths = (
			);
			runOnlyForDeploymentPostprocessing = 0;
			shellPath = /bin/sh;
			shellScript = "\"${SRCROOT}/Pods/Target Support Files/Pods/Pods-frameworks.sh\"\n";
			showEnvVarsInLog = 0;
		};
		3FD1AF08E5647D6BBB5F2B86 /* Copy Pods Resources */ = {
			isa = PBXShellScriptBuildPhase;
			buildActionMask = 2147483647;
			files = (
			);
			inputPaths = (
			);
			name = "Copy Pods Resources";
			outputPaths = (
			);
			runOnlyForDeploymentPostprocessing = 0;
			shellPath = /bin/sh;
			shellScript = "\"${SRCROOT}/Pods/Target Support Files/Pods/Pods-resources.sh\"\n";
			showEnvVarsInLog = 0;
		};
		AF071A7850D2B451028853DD /* Check Pods Manifest.lock */ = {
			isa = PBXShellScriptBuildPhase;
			buildActionMask = 2147483647;
			files = (
			);
			inputPaths = (
			);
			name = "Check Pods Manifest.lock";
			outputPaths = (
			);
			runOnlyForDeploymentPostprocessing = 0;
			shellPath = /bin/sh;
			shellScript = "diff \"${PODS_ROOT}/../Podfile.lock\" \"${PODS_ROOT}/Manifest.lock\" > /dev/null\nif [[ $? != 0 ]] ; then\n    cat << EOM\nerror: The sandbox is not in sync with the Podfile.lock. Run 'pod install' or update your CocoaPods installation.\nEOM\n    exit 1\nfi\n";
			showEnvVarsInLog = 0;
		};
/* End PBXShellScriptBuildPhase section */

/* Begin PBXSourcesBuildPhase section */
		4A14BE921AB73DC400F4A659 /* Sources */ = {
			isa = PBXSourcesBuildPhase;
			buildActionMask = 2147483647;
			files = (
				4A3D9B5A1AB89F6000C9CF1D /* CreateAccountViewController.swift in Sources */,
				4A66C0A21ACDAB730076592D /* AchievementCard.swift in Sources */,
				4A5EB7441AC0A35300FD0709 /* CreateTaskViewController.swift in Sources */,
				4A599A381AB9297D00BA8951 /* SkillGoal.swift in Sources */,
				4A711F951AC1E759003196F3 /* Task.swift in Sources */,
				4A599A431AB92A5D00BA8951 /* Achievement.swift in Sources */,
				4A8959DD1ABA2A6000AB1812 /* SplashViewController.swift in Sources */,
				4AE49E211B12BA1A00A1DBBE /* GoalView.swift in Sources */,
				4AE7F9111AC5C7E300CDC470 /* ProfileViewController.swift in Sources */,
				4A14BEA11AB73DC400F4A659 /* LoginViewController.swift in Sources */,
				4AE49E1F1B1268E900A1DBBE /* CreateGoalViewController.swift in Sources */,
				4A3F33311AB9E3920047D9F0 /* TaskCard.swift in Sources */,
				4A66C0A01ACDAB0E0076592D /* GoalCard.swift in Sources */,
				4A599A3F1AB92A2B00BA8951 /* LevelUpDate.swift in Sources */,
				4A7B412F1AD474B90032095C /* ColorSchemeView.swift in Sources */,
				4A41CFF41AC9C5BB008FB01F /* AniButton.swift in Sources */,
				4A5EB7481AC0AC5300FD0709 /* TaskPresentationController.swift in Sources */,
				4A66C0A41ACDBB4E0076592D /* Goal.swift in Sources */,
				4AC6A27A1AD454B1000DF2C6 /* User.swift in Sources */,
				4A14BE9C1AB73DC400F4A659 /* AppDelegate.swift in Sources */,
				4A13A62C1AB75A40001B30B1 /* HomeViewController.swift in Sources */,
				4A41CFF01AC9B077008FB01F /* AniView.swift in Sources */,
				4A599A2E1AB920FB00BA8951 /* SkillCard.swift in Sources */,
				4A41CFF21AC9C369008FB01F /* AniLabel.swift in Sources */,
				4AF658B41AB936B8004D94D2 /* CreateSkillViewController.swift in Sources */,
				4A14BE9F1AB73DC400F4A659 /* Ding.xcdatamodeld in Sources */,
				4A5EB7421AC073C900FD0709 /* Skill.swift in Sources */,
				4AC6A27C1AD45519000DF2C6 /* ColorScheme.swift in Sources */,
				4AE49E1D1B12541E00A1DBBE /* ExpBarView.swift in Sources */,
				4AF658B21AB93583004D94D2 /* SkillsViewController.swift in Sources */,
				4A599A341AB9293100BA8951 /* TaskGoal.swift in Sources */,
				4A5EB7461AC0AC3900FD0709 /* TaskPresentationAnimationController.swift in Sources */,
			);
			runOnlyForDeploymentPostprocessing = 0;
		};
		4A14BEAA1AB73DC400F4A659 /* Sources */ = {
			isa = PBXSourcesBuildPhase;
			buildActionMask = 2147483647;
			files = (
				4A14BEB51AB73DC400F4A659 /* DingTests.swift in Sources */,
			);
			runOnlyForDeploymentPostprocessing = 0;
		};
/* End PBXSourcesBuildPhase section */

/* Begin PBXTargetDependency section */
		4A14BEB01AB73DC400F4A659 /* PBXTargetDependency */ = {
			isa = PBXTargetDependency;
			target = 4A14BE951AB73DC400F4A659 /* Ding */;
			targetProxy = 4A14BEAF1AB73DC400F4A659 /* PBXContainerItemProxy */;
		};
/* End PBXTargetDependency section */

/* Begin PBXVariantGroup section */
		4A14BEA21AB73DC400F4A659 /* Main.storyboard */ = {
			isa = PBXVariantGroup;
			children = (
				4A14BEA31AB73DC400F4A659 /* Base */,
			);
			name = Main.storyboard;
			path = Ding;
			sourceTree = SOURCE_ROOT;
		};
		4A14BEA71AB73DC400F4A659 /* LaunchScreen.xib */ = {
			isa = PBXVariantGroup;
			children = (
				4A14BEA81AB73DC400F4A659 /* Base */,
			);
			name = LaunchScreen.xib;
			sourceTree = "<group>";
		};
/* End PBXVariantGroup section */

/* Begin XCBuildConfiguration section */
		4A14BEB61AB73DC400F4A659 /* Debug */ = {
			isa = XCBuildConfiguration;
			buildSettings = {
				ALWAYS_SEARCH_USER_PATHS = NO;
				CLANG_CXX_LANGUAGE_STANDARD = "gnu++0x";
				CLANG_CXX_LIBRARY = "libc++";
				CLANG_ENABLE_MODULES = YES;
				CLANG_ENABLE_OBJC_ARC = YES;
				CLANG_WARN_BOOL_CONVERSION = YES;
				CLANG_WARN_CONSTANT_CONVERSION = YES;
				CLANG_WARN_DIRECT_OBJC_ISA_USAGE = YES_ERROR;
				CLANG_WARN_EMPTY_BODY = YES;
				CLANG_WARN_ENUM_CONVERSION = YES;
				CLANG_WARN_INT_CONVERSION = YES;
				CLANG_WARN_OBJC_ROOT_CLASS = YES_ERROR;
				CLANG_WARN_UNREACHABLE_CODE = YES;
				CLANG_WARN__DUPLICATE_METHOD_MATCH = YES;
				"CODE_SIGN_IDENTITY[sdk=iphoneos*]" = "iPhone Developer";
				COPY_PHASE_STRIP = NO;
				ENABLE_STRICT_OBJC_MSGSEND = YES;
				GCC_C_LANGUAGE_STANDARD = gnu99;
				GCC_DYNAMIC_NO_PIC = NO;
				GCC_OPTIMIZATION_LEVEL = 0;
				GCC_PREPROCESSOR_DEFINITIONS = (
					"DEBUG=1",
					"$(inherited)",
				);
				GCC_SYMBOLS_PRIVATE_EXTERN = NO;
				GCC_WARN_64_TO_32_BIT_CONVERSION = YES;
				GCC_WARN_ABOUT_RETURN_TYPE = YES_ERROR;
				GCC_WARN_UNDECLARED_SELECTOR = YES;
				GCC_WARN_UNINITIALIZED_AUTOS = YES_AGGRESSIVE;
				GCC_WARN_UNUSED_FUNCTION = YES;
				GCC_WARN_UNUSED_VARIABLE = YES;
				IPHONEOS_DEPLOYMENT_TARGET = 8.2;
				MTL_ENABLE_DEBUG_INFO = YES;
				ONLY_ACTIVE_ARCH = YES;
				SDKROOT = iphoneos;
				SWIFT_OPTIMIZATION_LEVEL = "-Onone";
			};
			name = Debug;
		};
		4A14BEB71AB73DC400F4A659 /* Release */ = {
			isa = XCBuildConfiguration;
			buildSettings = {
				ALWAYS_SEARCH_USER_PATHS = NO;
				CLANG_CXX_LANGUAGE_STANDARD = "gnu++0x";
				CLANG_CXX_LIBRARY = "libc++";
				CLANG_ENABLE_MODULES = YES;
				CLANG_ENABLE_OBJC_ARC = YES;
				CLANG_WARN_BOOL_CONVERSION = YES;
				CLANG_WARN_CONSTANT_CONVERSION = YES;
				CLANG_WARN_DIRECT_OBJC_ISA_USAGE = YES_ERROR;
				CLANG_WARN_EMPTY_BODY = YES;
				CLANG_WARN_ENUM_CONVERSION = YES;
				CLANG_WARN_INT_CONVERSION = YES;
				CLANG_WARN_OBJC_ROOT_CLASS = YES_ERROR;
				CLANG_WARN_UNREACHABLE_CODE = YES;
				CLANG_WARN__DUPLICATE_METHOD_MATCH = YES;
				"CODE_SIGN_IDENTITY[sdk=iphoneos*]" = "iPhone Developer";
				COPY_PHASE_STRIP = NO;
				ENABLE_NS_ASSERTIONS = NO;
				ENABLE_STRICT_OBJC_MSGSEND = YES;
				GCC_C_LANGUAGE_STANDARD = gnu99;
				GCC_WARN_64_TO_32_BIT_CONVERSION = YES;
				GCC_WARN_ABOUT_RETURN_TYPE = YES_ERROR;
				GCC_WARN_UNDECLARED_SELECTOR = YES;
				GCC_WARN_UNINITIALIZED_AUTOS = YES_AGGRESSIVE;
				GCC_WARN_UNUSED_FUNCTION = YES;
				GCC_WARN_UNUSED_VARIABLE = YES;
				IPHONEOS_DEPLOYMENT_TARGET = 8.2;
				MTL_ENABLE_DEBUG_INFO = NO;
				SDKROOT = iphoneos;
				VALIDATE_PRODUCT = YES;
			};
			name = Release;
		};
		4A14BEB91AB73DC400F4A659 /* Debug */ = {
			isa = XCBuildConfiguration;
			baseConfigurationReference = FFBF344DE6287AA3719FF8BC /* Pods.debug.xcconfig */;
			buildSettings = {
				ASSETCATALOG_COMPILER_APPICON_NAME = AppIcon;
				INFOPLIST_FILE = Ding/Info.plist;
				IPHONEOS_DEPLOYMENT_TARGET = 8.2;
				LD_RUNPATH_SEARCH_PATHS = "$(inherited) @executable_path/Frameworks";
				PRODUCT_NAME = "$(TARGET_NAME)";
			};
			name = Debug;
		};
		4A14BEBA1AB73DC400F4A659 /* Release */ = {
			isa = XCBuildConfiguration;
			baseConfigurationReference = 36C5741D799FE8413E8CB6B4 /* Pods.release.xcconfig */;
			buildSettings = {
				ASSETCATALOG_COMPILER_APPICON_NAME = AppIcon;
				INFOPLIST_FILE = Ding/Info.plist;
				IPHONEOS_DEPLOYMENT_TARGET = 8.2;
				LD_RUNPATH_SEARCH_PATHS = "$(inherited) @executable_path/Frameworks";
				PRODUCT_NAME = "$(TARGET_NAME)";
			};
			name = Release;
		};
		4A14BEBC1AB73DC400F4A659 /* Debug */ = {
			isa = XCBuildConfiguration;
			buildSettings = {
				FRAMEWORK_SEARCH_PATHS = (
					"$(SDKROOT)/Developer/Library/Frameworks",
					"$(inherited)",
				);
				GCC_PREPROCESSOR_DEFINITIONS = (
					"DEBUG=1",
					"$(inherited)",
				);
				INFOPLIST_FILE = DingTests/Info.plist;
				LD_RUNPATH_SEARCH_PATHS = "$(inherited) @executable_path/Frameworks @loader_path/Frameworks";
				PRODUCT_NAME = "$(TARGET_NAME)";
			};
			name = Debug;
		};
		4A14BEBD1AB73DC400F4A659 /* Release */ = {
			isa = XCBuildConfiguration;
			buildSettings = {
				FRAMEWORK_SEARCH_PATHS = (
					"$(SDKROOT)/Developer/Library/Frameworks",
					"$(inherited)",
				);
				INFOPLIST_FILE = DingTests/Info.plist;
				LD_RUNPATH_SEARCH_PATHS = "$(inherited) @executable_path/Frameworks @loader_path/Frameworks";
				PRODUCT_NAME = "$(TARGET_NAME)";
			};
			name = Release;
		};
/* End XCBuildConfiguration section */

/* Begin XCConfigurationList section */
		4A14BE911AB73DC400F4A659 /* Build configuration list for PBXProject "Ding" */ = {
			isa = XCConfigurationList;
			buildConfigurations = (
				4A14BEB61AB73DC400F4A659 /* Debug */,
				4A14BEB71AB73DC400F4A659 /* Release */,
			);
			defaultConfigurationIsVisible = 0;
			defaultConfigurationName = Release;
		};
		4A14BEB81AB73DC400F4A659 /* Build configuration list for PBXNativeTarget "Ding" */ = {
			isa = XCConfigurationList;
			buildConfigurations = (
				4A14BEB91AB73DC400F4A659 /* Debug */,
				4A14BEBA1AB73DC400F4A659 /* Release */,
			);
			defaultConfigurationIsVisible = 0;
			defaultConfigurationName = Release;
		};
		4A14BEBB1AB73DC400F4A659 /* Build configuration list for PBXNativeTarget "DingTests" */ = {
			isa = XCConfigurationList;
			buildConfigurations = (
				4A14BEBC1AB73DC400F4A659 /* Debug */,
				4A14BEBD1AB73DC400F4A659 /* Release */,
			);
			defaultConfigurationIsVisible = 0;
			defaultConfigurationName = Release;
		};
/* End XCConfigurationList section */

/* Begin XCVersionGroup section */
		4A14BE9D1AB73DC400F4A659 /* Ding.xcdatamodeld */ = {
			isa = XCVersionGroup;
			children = (
				4A14BE9E1AB73DC400F4A659 /* Ding.xcdatamodel */,
			);
			currentVersion = 4A14BE9E1AB73DC400F4A659 /* Ding.xcdatamodel */;
			path = Ding.xcdatamodeld;
			sourceTree = "<group>";
			versionGroupType = wrapper.xcdatamodel;
		};
/* End XCVersionGroup section */
	};
	rootObject = 4A14BE8E1AB73DC400F4A659 /* Project object */;
}
